<Solution>
  <Folder Name="/samples/">
    <Project Path="samples/Xrpl.PaymentGateway.SampleApi/Xrpl.PaymentGateway.SampleApi.csproj" />
  </Folder>
  <Folder Name="/src/">
    <Project Path="src/Xrpl.PaymentGateway.Abstractions/Xrpl.PaymentGateway.Abstractions.csproj" />
    <Project Path="src/Xrpl.PaymentGateway.Postgres/Xrpl.PaymentGateway.Postgres.csproj" />
    <Project Path="src/Xrpl.PaymentGateway/Xrpl.PaymentGateway.csproj" />
  </Folder>
  <Folder Name="/tests/">
    <Project Path="tests/Xrpl.PaymentGateway.Tests/Xrpl.PaymentGateway.Tests.csproj" />
  </Folder>
</Solution>
